
Microsoft Visual Studio Solution File, Format Version 12.00
# Visual Studio Version 17
VisualStudioVersion = 17.9.34723.18
MinimumVisualStudioVersion = 10.0.40219.1
Project("{FAE04EC0-301F-11D3-BF4B-00C04F79EFBC}") = "fiap-jwt-api", "fiap-jwt-api.csproj", "{A9D9F5E5-B0DA-4095-B565-15AE533D227C}"
EndProject
Global
	GlobalSection(SolutionConfigurationPlatforms) = preSolution
		Debug|Any CPU = Debug|Any CPU
		Release|Any CPU = Release|Any CPU
	EndGlobalSection
	GlobalSection(ProjectConfigurationPlatforms) = postSolution
		{A9D9F5E5-B0DA-4095-B565-15AE533D227C}.Debug|Any CPU.ActiveCfg = Debug|Any CPU
		{A9D9F5E5-B0DA-4095-B565-15AE533D227C}.Debug|Any CPU.Build.0 = Debug|Any CPU
		{A9D9F5E5-B0DA-4095-B565-15AE533D227C}.Release|Any CPU.ActiveCfg = Release|Any CPU
		{A9D9F5E5-B0DA-4095-B565-15AE533D227C}.Release|Any CPU.Build.0 = Release|Any CPU
	EndGlobalSection
	GlobalSection(SolutionProperties) = preSolution
		HideSolutionNode = FALSE
	EndGlobalSection
	GlobalSection(ExtensibilityGlobals) = postSolution
		SolutionGuid = {83CF6B6D-0BFF-4502-BCFA-450F6963A92C}
	EndGlobalSection
EndGlobal
